// !$*UTF8*$!
{
	archiveVersion = 1;
	classes = {
	};
	objectVersion = 56;
	objects = {

/* Begin PBXBuildFile section */
		SF001 /* SoundFactoryApp.swift in Sources */ = {isa = PBXBuildFile; fileRef = SF101 /* SoundFactoryApp.swift */; };
		SF002 /* AppDelegate.swift in Sources */ = {isa = PBXBuildFile; fileRef = SF102 /* AppDelegate.swift */; };
		SF003 /* SceneDelegate.swift in Sources */ = {isa = PBXBuildFile; fileRef = SF103 /* SceneDelegate.swift */; };
		SF004 /* CarPlaySceneDelegate.swift in Sources */ = {isa = PBXBuildFile; fileRef = SF104 /* CarPlaySceneDelegate.swift */; };
		SF005 /* CarPlayTemplateManager.swift in Sources */ = {isa = PBXBuildFile; fileRef = SF105 /* CarPlayTemplateManager.swift */; };
		SF006 /* ChatView.swift in Sources */ = {isa = PBXBuildFile; fileRef = SF106 /* ChatView.swift */; };
		SF007 /* ChatViewModel.swift in Sources */ = {isa = PBXBuildFile; fileRef = SF107 /* ChatViewModel.swift */; };
		SF008 /* AudioPlayer.swift in Sources */ = {isa = PBXBuildFile; fileRef = SF108 /* AudioPlayer.swift */; };
		SF009 /* AudioStreamManager.swift in Sources */ = {isa = PBXBuildFile; fileRef = SF109 /* AudioStreamManager.swift */; };
		SF010 /* APIService.swift in Sources */ = {isa = PBXBuildFile; fileRef = SF110 /* APIService.swift */; };
		SF011 /* WebSocketService.swift in Sources */ = {isa = PBXBuildFile; fileRef = SF111 /* WebSocketService.swift */; };
		SF012 /* SpeechService.swift in Sources */ = {isa = PBXBuildFile; fileRef = SF112 /* SpeechService.swift */; };
		SF013 /* Message.swift in Sources */ = {isa = PBXBuildFile; fileRef = SF113 /* Message.swift */; };
		SF014 /* User.swift in Sources */ = {isa = PBXBuildFile; fileRef = SF114 /* User.swift */; };
		SF015 /* AudioTrack.swift in Sources */ = {isa = PBXBuildFile; fileRef = SF115 /* AudioTrack.swift */; };
		SF016 /* Extensions.swift in Sources */ = {isa = PBXBuildFile; fileRef = SF116 /* Extensions.swift */; };
		SF017 /* Assets.xcassets in Resources */ = {isa = PBXBuildFile; fileRef = SF117 /* Assets.xcassets */; };
/* End PBXBuildFile section */

/* Begin PBXFileReference section */
		SF100 /* SoundFactory.app */ = {isa = PBXFileReference; explicitFileType = wrapper.application; includeInIndex = 0; path = SoundFactory.app; sourceTree = BUILT_PRODUCTS_DIR; };
		SF101 /* SoundFactoryApp.swift */ = {isa = PBXFileReference; lastKnownFileType = sourcecode.swift; path = SoundFactoryApp.swift; sourceTree = "<group>"; };
		SF102 /* AppDelegate.swift */ = {isa = PBXFileReference; lastKnownFileType = sourcecode.swift; path = AppDelegate.swift; sourceTree = "<group>"; };
		SF103 /* SceneDelegate.swift */ = {isa = PBXFileReference; lastKnownFileType = sourcecode.swift; path = SceneDelegate.swift; sourceTree = "<group>"; };
		SF104 /* CarPlaySceneDelegate.swift */ = {isa = PBXFileReference; lastKnownFileType = sourcecode.swift; path = CarPlaySceneDelegate.swift; sourceTree = "<group>"; };
		SF105 /* CarPlayTemplateManager.swift */ = {isa = PBXFileReference; lastKnownFileType = sourcecode.swift; path = CarPlayTemplateManager.swift; sourceTree = "<group>"; };
		SF106 /* ChatView.swift */ = {isa = PBXFileReference; lastKnownFileType = sourcecode.swift; path = ChatView.swift; sourceTree = "<group>"; };
		SF107 /* ChatViewModel.swift */ = {isa = PBXFileReference; lastKnownFileType = sourcecode.swift; path = ChatViewModel.swift; sourceTree = "<group>"; };
		SF108 /* AudioPlayer.swift */ = {isa = PBXFileReference; lastKnownFileType = sourcecode.swift; path = AudioPlayer.swift; sourceTree = "<group>"; };
		SF109 /* AudioStreamManager.swift */ = {isa = PBXFileReference; lastKnownFileType = sourcecode.swift; path = AudioStreamManager.swift; sourceTree = "<group>"; };
		SF110 /* APIService.swift */ = {isa = PBXFileReference; lastKnownFileType = sourcecode.swift; path = APIService.swift; sourceTree = "<group>"; };
		SF111 /* WebSocketService.swift */ = {isa = PBXFileReference; lastKnownFileType = sourcecode.swift; path = WebSocketService.swift; sourceTree = "<group>"; };
		SF112 /* SpeechService.swift */ = {isa = PBXFileReference; lastKnownFileType = sourcecode.swift; path = SpeechService.swift; sourceTree = "<group>"; };
		SF113 /* Message.swift */ = {isa = PBXFileReference; lastKnownFileType = sourcecode.swift; path = Message.swift; sourceTree = "<group>"; };
		SF114 /* User.swift */ = {isa = PBXFileReference; lastKnownFileType = sourcecode.swift; path = User.swift; sourceTree = "<group>"; };
		SF115 /* AudioTrack.swift */ = {isa = PBXFileReference; lastKnownFileType = sourcecode.swift; path = AudioTrack.swift; sourceTree = "<group>"; };
		SF116 /* Extensions.swift */ = {isa = PBXFileReference; lastKnownFileType = sourcecode.swift; path = Extensions.swift; sourceTree = "<group>"; };
		SF117 /* Assets.xcassets */ = {isa = PBXFileReference; lastKnownFileType = folder.assetcatalog; path = Assets.xcassets; sourceTree = "<group>"; };
		SF118 /* Info.plist */ = {isa = PBXFileReference; lastKnownFileType = text.plist.xml; path = Info.plist; sourceTree = "<group>"; };
		SF119 /* SoundFactory.entitlements */ = {isa = PBXFileReference; lastKnownFileType = text.plist.entitlements; path = SoundFactory.entitlements; sourceTree = "<group>"; };
/* End PBXFileReference section */

/* Begin PBXFrameworksBuildPhase section */
		SF200 /* Frameworks */ = {
			isa = PBXFrameworksBuildPhase;
			buildActionMask = 2147483647;
			files = (
			);
			runOnlyForDeploymentPostprocessing = 0;
		};
/* End PBXFrameworksBuildPhase section */

/* Begin PBXGroup section */
		SF300 = {
			isa = PBXGroup;
			children = (
				SF301 /* SoundFactory */,
				SF302 /* Products */,
			);
			sourceTree = "<group>";
		};
		SF301 /* SoundFactory */ = {
			isa = PBXGroup;
			children = (
				SF303 /* Sources */,
				SF118 /* Info.plist */,
				SF119 /* SoundFactory.entitlements */,
			);
			path = SoundFactory;
			sourceTree = "<group>";
		};
		SF302 /* Products */ = {
			isa = PBXGroup;
			children = (
				SF100 /* SoundFactory.app */,
			);
			name = Products;
			sourceTree = "<group>";
		};
		SF303 /* Sources */ = {
			isa = PBXGroup;
			children = (
				SF304 /* App */,
				SF305 /* CarPlay */,
				SF306 /* Chat */,
				SF307 /* Audio */,
				SF308 /* Services */,
				SF309 /* Models */,
				SF310 /* Extensions */,
				SF311 /* Resources */,
			);
			path = Sources;
			sourceTree = "<group>";
		};
		SF304 /* App */ = {
			isa = PBXGroup;
			children = (
				SF101 /* SoundFactoryApp.swift */,
				SF102 /* AppDelegate.swift */,
				SF103 /* SceneDelegate.swift */,
			);
			path = App;
			sourceTree = "<group>";
		};
		SF305 /* CarPlay */ = {
			isa = PBXGroup;
			children = (
				SF104 /* CarPlaySceneDelegate.swift */,
				SF105 /* CarPlayTemplateManager.swift */,
			);
			path = CarPlay;
			sourceTree = "<group>";
		};
		SF306 /* Chat */ = {
			isa = PBXGroup;
			children = (
				SF106 /* ChatView.swift */,
				SF107 /* ChatViewModel.swift */,
			);
			path = Chat;
			sourceTree = "<group>";
		};
		SF307 /* Audio */ = {
			isa = PBXGroup;
			children = (
				SF108 /* AudioPlayer.swift */,
				SF109 /* AudioStreamManager.swift */,
			);
			path = Audio;
			sourceTree = "<group>";
		};
		SF308 /* Services */ = {
			isa = PBXGroup;
			children = (
				SF110 /* APIService.swift */,
				SF111 /* WebSocketService.swift */,
				SF112 /* SpeechService.swift */,
			);
			path = Services;
			sourceTree = "<group>";
		};
		SF309 /* Models */ = {
			isa = PBXGroup;
			children = (
				SF113 /* Message.swift */,
				SF114 /* User.swift */,
				SF115 /* AudioTrack.swift */,
			);
			path = Models;
			sourceTree = "<group>";
		};
		SF310 /* Extensions */ = {
			isa = PBXGroup;
			children = (
				SF116 /* Extensions.swift */,
			);
			path = Extensions;
			sourceTree = "<group>";
		};
		SF311 /* Resources */ = {
			isa = PBXGroup;
			children = (
				SF117 /* Assets.xcassets */,
			);
			path = Resources;
			sourceTree = "<group>";
		};
/* End PBXGroup section */

/* Begin PBXNativeTarget section */
		SF400 /* SoundFactory */ = {
			isa = PBXNativeTarget;
			buildConfigurationList = SF500 /* Build configuration list for PBXNativeTarget "SoundFactory" */;
			buildPhases = (
				SF401 /* Sources */,
				SF200 /* Frameworks */,
				SF402 /* Resources */,
			);
			buildRules = (
			);
			dependencies = (
			);
			name = SoundFactory;
			productName = SoundFactory;
			productReference = SF100 /* SoundFactory.app */;
			productType = "com.apple.product-type.application";
		};
/* End PBXNativeTarget section */

/* Begin PBXProject section */
		SF600 /* Project object */ = {
			isa = PBXProject;
			attributes = {
				BuildIndependentTargetsInParallel = 1;
				LastSwiftUpdateCheck = 1500;
				LastUpgradeCheck = 1500;
				TargetAttributes = {
					SF400 = {
						CreatedOnToolsVersion = 15.0;
					};
				};
			};
			buildConfigurationList = SF601 /* Build configuration list for PBXProject "SoundFactory" */;
			compatibilityVersion = "Xcode 14.0";
			developmentRegion = en;
			hasScannedForEncodings = 0;
			knownRegions = (
				en,
				Base,
			);
			mainGroup = SF300;
			productRefGroup = SF302 /* Products */;
			projectDirPath = "";
			projectRoot = "";
			targets = (
				SF400 /* SoundFactory */,
			);
		};
/* End PBXProject section */

/* Begin PBXResourcesBuildPhase section */
		SF402 /* Resources */ = {
			isa = PBXResourcesBuildPhase;
			buildActionMask = 2147483647;
			files = (
				SF017 /* Assets.xcassets in Resources */,
			);
			runOnlyForDeploymentPostprocessing = 0;
		};
/* End PBXResourcesBuildPhase section */

/* Begin PBXSourcesBuildPhase section */
		SF401 /* Sources */ = {
			isa = PBXSourcesBuildPhase;
			buildActionMask = 2147483647;
			files = (
				SF001 /* SoundFactoryApp.swift in Sources */,
				SF002 /* AppDelegate.swift in Sources */,
				SF003 /* SceneDelegate.swift in Sources */,
				SF004 /* CarPlaySceneDelegate.swift in Sources */,
				SF005 /* CarPlayTemplateManager.swift in Sources */,
				SF006 /* ChatView.swift in Sources */,
				SF007 /* ChatViewModel.swift in Sources */,
				SF008 /* AudioPlayer.swift in Sources */,
				SF009 /* AudioStreamManager.swift in Sources */,
				SF010 /* APIService.swift in Sources */,
				SF011 /* WebSocketService.swift in Sources */,
				SF012 /* SpeechService.swift in Sources */,
				SF013 /* Message.swift in Sources */,
				SF014 /* User.swift in Sources */,
				SF015 /* AudioTrack.swift in Sources */,
				SF016 /* Extensions.swift in Sources */,
			);
			runOnlyForDeploymentPostprocessing = 0;
		};
/* End PBXSourcesBuildPhase section */

/* Begin XCBuildConfiguration section */
		SF700 /* Debug */ = {
			isa = XCBuildConfiguration;
			buildSettings = {
				ALWAYS_SEARCH_USER_PATHS = NO;
				ASSETCATALOG_COMPILER_GENERATE_SWIFT_ASSET_SYMBOL_EXTENSIONS = YES;
				CLANG_ANALYZER_NONNULL = YES;
				CLANG_ANALYZER_NUMBER_OBJECT_CONVERSION = YES_AGGRESSIVE;
				CLANG_CXX_LANGUAGE_STANDARD = "gnu++20";
				CLANG_ENABLE_MODULES = YES;
				CLANG_ENABLE_OBJC_ARC = YES;
				CLANG_ENABLE_OBJC_WEAK = YES;
				CLANG_WARN_BLOCK_CAPTURE_AUTORELEASING = YES;
				CLANG_WARN_BOOL_CONVERSION = YES;
				CLANG_WARN_COMMA = YES;
				CLANG_WARN_CONSTANT_CONVERSION = YES;
				CLANG_WARN_DEPRECATED_OBJC_IMPLEMENTATIONS = YES;
				CLANG_WARN_DIRECT_OBJC_ISA_USAGE = YES_ERROR;
				CLANG_WARN_DOCUMENTATION_COMMENTS = YES;
				CLANG_WARN_EMPTY_BODY = YES;
				CLANG_WARN_ENUM_CONVERSION = YES;
				CLANG_WARN_INFINITE_RECURSION = YES;
				CLANG_WARN_INT_CONVERSION = YES;
				CLANG_WARN_NON_LITERAL_NULL_CONVERSION = YES;
				CLANG_WARN_OBJC_IMPLICIT_RETAIN_SELF = YES;
				CLANG_WARN_OBJC_LITERAL_CONVERSION = YES;
				CLANG_WARN_OBJC_ROOT_CLASS = YES_ERROR;
				CLANG_WARN_QUOTED_INCLUDE_IN_FRAMEWORK_HEADER = YES;
				CLANG_WARN_RANGE_LOOP_ANALYSIS = YES;
				CLANG_WARN_STRICT_PROTOTYPES = YES;
				CLANG_WARN_SUSPICIOUS_MOVE = YES;
				CLANG_WARN_UNGUARDED_AVAILABILITY = YES_AGGRESSIVE;
				CLANG_WARN_UNREACHABLE_CODE = YES;
				CLANG_WARN__DUPLICATE_METHOD_MATCH = YES;
				COPY_PHASE_STRIP = NO;
				DEBUG_INFORMATION_FORMAT = dwarf;
				ENABLE_STRICT_OBJC_MSGSEND = YES;
				ENABLE_TESTABILITY = YES;
				ENABLE_USER_SCRIPT_SANDBOXING = YES;
				GCC_C_LANGUAGE_STANDARD = gnu17;
				GCC_DYNAMIC_NO_PIC = NO;
				GCC_NO_COMMON_BLOCKS = YES;
				GCC_OPTIMIZATION_LEVEL = 0;
				GCC_PREPROCESSOR_DEFINITIONS = (
					"DEBUG=1",
					"$(inherited)",
				);
				GCC_WARN_64_TO_32_BIT_CONVERSION = YES;
				GCC_WARN_ABOUT_RETURN_TYPE = YES_ERROR;
				GCC_WARN_UNDECLARED_SELECTOR = YES;
				GCC_WARN_UNINITIALIZED_AUTOS = YES_AGGRESSIVE;
				GCC_WARN_UNUSED_FUNCTION = YES;
				GCC_WARN_UNUSED_VARIABLE = YES;
				IPHONEOS_DEPLOYMENT_TARGET = 16.0;
				LOCALIZATION_PREFERS_STRING_CATALOGS = YES;
				MTL_ENABLE_DEBUG_INFO = INCLUDE_SOURCE;
				MTL_FAST_MATH = YES;
				ONLY_ACTIVE_ARCH = YES;
				SDKROOT = iphoneos;
				SWIFT_ACTIVE_COMPILATION_CONDITIONS = "DEBUG $(inherited)";
				SWIFT_OPTIMIZATION_LEVEL = "-Onone";
			};
			name = Debug;
		};
		SF701 /* Release */ = {
			isa = XCBuildConfiguration;
			buildSettings = {
				ALWAYS_SEARCH_USER_PATHS = NO;
				ASSETCATALOG_COMPILER_GENERATE_SWIFT_ASSET_SYMBOL_EXTENSIONS = YES;
				CLANG_ANALYZER_NONNULL = YES;
				CLANG_ANALYZER_NUMBER_OBJECT_CONVERSION = YES_AGGRESSIVE;
				CLANG_CXX_LANGUAGE_STANDARD = "gnu++20";
				CLANG_ENABLE_MODULES = YES;
				CLANG_ENABLE_OBJC_ARC = YES;
				CLANG_ENABLE_OBJC_WEAK = YES;
				CLANG_WARN_BLOCK_CAPTURE_AUTORELEASING = YES;
				CLANG_WARN_BOOL_CONVERSION = YES;
				CLANG_WARN_COMMA = YES;
				CLANG_WARN_CONSTANT_CONVERSION = YES;
				CLANG_WARN_DEPRECATED_OBJC_IMPLEMENTATIONS = YES;
				CLANG_WARN_DIRECT_OBJC_ISA_USAGE = YES_ERROR;
				CLANG_WARN_DOCUMENTATION_COMMENTS = YES;
				CLANG_WARN_EMPTY_BODY = YES;
				CLANG_WARN_ENUM_CONVERSION = YES;
				CLANG_WARN_INFINITE_RECURSION = YES;
				CLANG_WARN_INT_CONVERSION = YES;
				CLANG_WARN_NON_LITERAL_NULL_CONVERSION = YES;
				CLANG_WARN_OBJC_IMPLICIT_RETAIN_SELF = YES;
				CLANG_WARN_OBJC_LITERAL_CONVERSION = YES;
				CLANG_WARN_OBJC_ROOT_CLASS = YES_ERROR;
				CLANG_WARN_QUOTED_INCLUDE_IN_FRAMEWORK_HEADER = YES;
				CLANG_WARN_RANGE_LOOP_ANALYSIS = YES;
				CLANG_WARN_STRICT_PROTOTYPES = YES;
				CLANG_WARN_SUSPICIOUS_MOVE = YES;
				CLANG_WARN_UNGUARDED_AVAILABILITY = YES_AGGRESSIVE;
				CLANG_WARN_UNREACHABLE_CODE = YES;
				CLANG_WARN__DUPLICATE_METHOD_MATCH = YES;
				COPY_PHASE_STRIP = NO;
				DEBUG_INFORMATION_FORMAT = "dwarf-with-dsym";
				ENABLE_NS_ASSERTIONS = NO;
				ENABLE_STRICT_OBJC_MSGSEND = YES;
				ENABLE_USER_SCRIPT_SANDBOXING = YES;
				GCC_C_LANGUAGE_STANDARD = gnu17;
				GCC_NO_COMMON_BLOCKS = YES;
				GCC_WARN_64_TO_32_BIT_CONVERSION = YES;
				GCC_WARN_ABOUT_RETURN_TYPE = YES_ERROR;
				GCC_WARN_UNDECLARED_SELECTOR = YES;
				GCC_WARN_UNINITIALIZED_AUTOS = YES_AGGRESSIVE;
				GCC_WARN_UNUSED_FUNCTION = YES;
				GCC_WARN_UNUSED_VARIABLE = YES;
				IPHONEOS_DEPLOYMENT_TARGET = 16.0;
				LOCALIZATION_PREFERS_STRING_CATALOGS = YES;
				MTL_ENABLE_DEBUG_INFO = NO;
				MTL_FAST_MATH = YES;
				SDKROOT = iphoneos;
				SWIFT_COMPILATION_MODE = wholemodule;
				VALIDATE_PRODUCT = YES;
			};
			name = Release;
		};
		SF702 /* Debug */ = {
			isa = XCBuildConfiguration;
			buildSettings = {
				ASSETCATALOG_COMPILER_APPICON_NAME = AppIcon;
				ASSETCATALOG_COMPILER_GLOBAL_ACCENT_COLOR_NAME = AccentColor;
				CODE_SIGN_ENTITLEMENTS = SoundFactory/SoundFactory.entitlements;
				CODE_SIGN_STYLE = Automatic;
				CURRENT_PROJECT_VERSION = 1;
				DEVELOPMENT_TEAM = "";
				GENERATE_INFOPLIST_FILE = NO;
				INFOPLIST_FILE = SoundFactory/Info.plist;
				INFOPLIST_KEY_CFBundleDisplayName = SoundFactory;
				INFOPLIST_KEY_LSApplicationCategoryType = "public.app-category.music";
				INFOPLIST_KEY_UIApplicationSceneManifest_Generation = NO;
				INFOPLIST_KEY_UIApplicationSupportsIndirectInputEvents = YES;
				INFOPLIST_KEY_UILaunchScreen_Generation = YES;
				INFOPLIST_KEY_UISupportedInterfaceOrientations_iPad = "UIInterfaceOrientationPortrait UIInterfaceOrientationPortraitUpsideDown UIInterfaceOrientationLandscapeLeft UIInterfaceOrientationLandscapeRight";
				INFOPLIST_KEY_UISupportedInterfaceOrientations_iPhone = "UIInterfaceOrientationPortrait UIInterfaceOrientationLandscapeLeft UIInterfaceOrientationLandscapeRight";
				LD_RUNPATH_SEARCH_PATHS = (
					"$(inherited)",
					"@executable_path/Frameworks",
				);
				MARKETING_VERSION = 1.0;
				PRODUCT_BUNDLE_IDENTIFIER = com.soundfactory.app;
				PRODUCT_NAME = "$(TARGET_NAME)";
				SWIFT_EMIT_LOC_STRINGS = YES;
				SWIFT_VERSION = 5.0;
				TARGETED_DEVICE_FAMILY = "1,2";
			};
			name = Debug;
		};
		SF703 /* Release */ = {
			isa = XCBuildConfiguration;
			buildSettings = {
				ASSETCATALOG_COMPILER_APPICON_NAME = AppIcon;
				ASSETCATALOG_COMPILER_GLOBAL_ACCENT_COLOR_NAME = AccentColor;
				CODE_SIGN_ENTITLEMENTS = SoundFactory/SoundFactory.entitlements;
				CODE_SIGN_STYLE = Automatic;
				CURRENT_PROJECT_VERSION = 1;
				DEVELOPMENT_TEAM = "";
				GENERATE_INFOPLIST_FILE = NO;
				INFOPLIST_FILE = SoundFactory/Info.plist;
				INFOPLIST_KEY_CFBundleDisplayName = SoundFactory;
				INFOPLIST_KEY_LSApplicationCategoryType = "public.app-category.music";
				INFOPLIST_KEY_UIApplicationSceneManifest_Generation = NO;
				INFOPLIST_KEY_UIApplicationSupportsIndirectInputEvents = YES;
				INFOPLIST_KEY_UILaunchScreen_Generation = YES;
				INFOPLIST_KEY_UISupportedInterfaceOrientations_iPad = "UIInterfaceOrientationPortrait UIInterfaceOrientationPortraitUpsideDown UIInterfaceOrientationLandscapeLeft UIInterfaceOrientationLandscapeRight";
				INFOPLIST_KEY_UISupportedInterfaceOrientations_iPhone = "UIInterfaceOrientationPortrait UIInterfaceOrientationLandscapeLeft UIInterfaceOrientationLandscapeRight";
				LD_RUNPATH_SEARCH_PATHS = (
					"$(inherited)",
					"@executable_path/Frameworks",
				);
				MARKETING_VERSION = 1.0;
				PRODUCT_BUNDLE_IDENTIFIER = com.soundfactory.app;
				PRODUCT_NAME = "$(TARGET_NAME)";
				SWIFT_EMIT_LOC_STRINGS = YES;
				SWIFT_VERSION = 5.0;
				TARGETED_DEVICE_FAMILY = "1,2";
			};
			name = Release;
		};
/* End XCBuildConfiguration section */

/* Begin XCConfigurationList section */
		SF500 /* Build configuration list for PBXNativeTarget "SoundFactory" */ = {
			isa = XCConfigurationList;
			buildConfigurations = (
				SF702 /* Debug */,
				SF703 /* Release */,
			);
			defaultConfigurationIsVisible = 0;
			defaultConfigurationName = Release;
		};
		SF601 /* Build configuration list for PBXProject "SoundFactory" */ = {
			isa = XCConfigurationList;
			buildConfigurations = (
				SF700 /* Debug */,
				SF701 /* Release */,
			);
			defaultConfigurationIsVisible = 0;
			defaultConfigurationName = Release;
		};
/* End XCConfigurationList section */
	};
	rootObject = SF600 /* Project object */;
}
